
Microsoft Visual Studio Solution File, Format Version 12.00
# Visual Studio Version 16
VisualStudioVersion = 16.0.31019.35
MinimumVisualStudioVersion = 10.0.40219.1
Project("{FAE04EC0-301F-11D3-BF4B-00C04F79EFBC}") = "Detyra6", "Detyra6\Detyra6.csproj", "{763C3FEF-C505-467C-8167-0B21C90C2268}"
EndProject
Global
	GlobalSection(SolutionConfigurationPlatforms) = preSolution
		Debug|Any CPU = Debug|Any CPU
		Release|Any CPU = Release|Any CPU
	EndGlobalSection
	GlobalSection(ProjectConfigurationPlatforms) = postSolution
		{763C3FEF-C505-467C-8167-0B21C90C2268}.Debug|Any CPU.ActiveCfg = Debug|Any CPU
		{763C3FEF-C505-467C-8167-0B21C90C2268}.Debug|Any CPU.Build.0 = Debug|Any CPU
		{763C3FEF-C505-467C-8167-0B21C90C2268}.Release|Any CPU.ActiveCfg = Release|Any CPU
		{763C3FEF-C505-467C-8167-0B21C90C2268}.Release|Any CPU.Build.0 = Release|Any CPU
	EndGlobalSection
	GlobalSection(SolutionProperties) = preSolution
		HideSolutionNode = FALSE
	EndGlobalSection
	GlobalSection(ExtensibilityGlobals) = postSolution
		SolutionGuid = {E58F7AAD-42C6-418C-81BF-D2058FFBB36F}
	EndGlobalSection
EndGlobal
