
Microsoft Visual Studio Solution File, Format Version 12.00
# Visual Studio Version 16
VisualStudioVersion = 16.0.31019.35
MinimumVisualStudioVersion = 10.0.40219.1
Project("{FAE04EC0-301F-11D3-BF4B-00C04F79EFBC}") = "Detyra10", "Detyra10\Detyra10.csproj", "{26C685D0-59DD-48FD-9458-B0C804A69139}"
EndProject
Global
	GlobalSection(SolutionConfigurationPlatforms) = preSolution
		Debug|Any CPU = Debug|Any CPU
		Release|Any CPU = Release|Any CPU
	EndGlobalSection
	GlobalSection(ProjectConfigurationPlatforms) = postSolution
		{26C685D0-59DD-48FD-9458-B0C804A69139}.Debug|Any CPU.ActiveCfg = Debug|Any CPU
		{26C685D0-59DD-48FD-9458-B0C804A69139}.Debug|Any CPU.Build.0 = Debug|Any CPU
		{26C685D0-59DD-48FD-9458-B0C804A69139}.Release|Any CPU.ActiveCfg = Release|Any CPU
		{26C685D0-59DD-48FD-9458-B0C804A69139}.Release|Any CPU.Build.0 = Release|Any CPU
	EndGlobalSection
	GlobalSection(SolutionProperties) = preSolution
		HideSolutionNode = FALSE
	EndGlobalSection
	GlobalSection(ExtensibilityGlobals) = postSolution
		SolutionGuid = {21879EF7-6B99-4D0D-921E-21AAB5B2E446}
	EndGlobalSection
EndGlobal
