
Microsoft Visual Studio Solution File, Format Version 12.00
# Visual Studio Version 16
VisualStudioVersion = 16.0.31019.35
MinimumVisualStudioVersion = 10.0.40219.1
Project("{FAE04EC0-301F-11D3-BF4B-00C04F79EFBC}") = "Detyra9", "Detyra9\Detyra9.csproj", "{37DF9827-839E-4585-8286-390B67957F2A}"
EndProject
Global
	GlobalSection(SolutionConfigurationPlatforms) = preSolution
		Debug|Any CPU = Debug|Any CPU
		Release|Any CPU = Release|Any CPU
	EndGlobalSection
	GlobalSection(ProjectConfigurationPlatforms) = postSolution
		{37DF9827-839E-4585-8286-390B67957F2A}.Debug|Any CPU.ActiveCfg = Debug|Any CPU
		{37DF9827-839E-4585-8286-390B67957F2A}.Debug|Any CPU.Build.0 = Debug|Any CPU
		{37DF9827-839E-4585-8286-390B67957F2A}.Release|Any CPU.ActiveCfg = Release|Any CPU
		{37DF9827-839E-4585-8286-390B67957F2A}.Release|Any CPU.Build.0 = Release|Any CPU
	EndGlobalSection
	GlobalSection(SolutionProperties) = preSolution
		HideSolutionNode = FALSE
	EndGlobalSection
	GlobalSection(ExtensibilityGlobals) = postSolution
		SolutionGuid = {76C7999D-9270-4417-B7C7-1C90BB769444}
	EndGlobalSection
EndGlobal
