
Microsoft Visual Studio Solution File, Format Version 12.00
# Visual Studio Version 16
VisualStudioVersion = 16.0.31019.35
MinimumVisualStudioVersion = 10.0.40219.1
Project("{FAE04EC0-301F-11D3-BF4B-00C04F79EFBC}") = "Detyra5", "Detyra5\Detyra5.csproj", "{27606CB6-7520-41B8-8561-CF7F98691589}"
EndProject
Global
	GlobalSection(SolutionConfigurationPlatforms) = preSolution
		Debug|Any CPU = Debug|Any CPU
		Release|Any CPU = Release|Any CPU
	EndGlobalSection
	GlobalSection(ProjectConfigurationPlatforms) = postSolution
		{27606CB6-7520-41B8-8561-CF7F98691589}.Debug|Any CPU.ActiveCfg = Debug|Any CPU
		{27606CB6-7520-41B8-8561-CF7F98691589}.Debug|Any CPU.Build.0 = Debug|Any CPU
		{27606CB6-7520-41B8-8561-CF7F98691589}.Release|Any CPU.ActiveCfg = Release|Any CPU
		{27606CB6-7520-41B8-8561-CF7F98691589}.Release|Any CPU.Build.0 = Release|Any CPU
	EndGlobalSection
	GlobalSection(SolutionProperties) = preSolution
		HideSolutionNode = FALSE
	EndGlobalSection
	GlobalSection(ExtensibilityGlobals) = postSolution
		SolutionGuid = {F669DD9D-642E-45CA-BAD2-C3299B251870}
	EndGlobalSection
EndGlobal
